
Microsoft Visual Studio Solution File, Format Version 12.00
# Visual Studio 14
VisualStudioVersion = 14.0.23107.0
MinimumVisualStudioVersion = 10.0.40219.1
Project("{8BC9CEB8-8B4A-11D0-8D11-00A0C91BC942}") = "第一个MFC项目", "第一个MFC项目\第一个MFC项目.vcxproj", "{CDE8C863-21FB-4A15-999D-5482750F729F}"
EndProject
Project("{8BC9CEB8-8B4A-11D0-8D11-00A0C91BC942}") = "MFCTest", "MFCTest\MFCTest.vcxproj", "{F8C77EDE-2321-47D8-9A45-F3C522CDD930}"
EndProject
Project("{8BC9CEB8-8B4A-11D0-8D11-00A0C91BC942}") = "06_timer", "06_timer\06_timer.vcxproj", "{1A89AABC-9828-4605-9813-85DEA0C30B44}"
EndProject
Project("{8BC9CEB8-8B4A-11D0-8D11-00A0C91BC942}") = "07_menu", "07_menu\07_menu.vcxproj", "{C76086DD-A31F-4A16-B594-F701B1233E02}"
EndProject
Project("{8BC9CEB8-8B4A-11D0-8D11-00A0C91BC942}") = "08_HuanDengPian", "08_HuanDengPian\08_HuanDengPian.vcxproj", "{9FC2CE2F-4141-4F00-AA06-B3904789F655}"
EndProject
Project("{8BC9CEB8-8B4A-11D0-8D11-00A0C91BC942}") = "09_逃跑的按钮", "09_逃跑的按钮\09_逃跑的按钮.vcxproj", "{C0233A00-915C-4612-AADB-FA83648BEE1B}"
EndProject
Project("{8BC9CEB8-8B4A-11D0-8D11-00A0C91BC942}") = "10_ListControl练习", "10_ListControl练习\10_ListControl练习.vcxproj", "{C6FD52A9-4F7A-4E64-A0AE-EF372CB96324}"
EndProject
Project("{8BC9CEB8-8B4A-11D0-8D11-00A0C91BC942}") = "11_document", "11_document\11_document.vcxproj", "{E916CE72-BEF1-414F-816B-F6B0FE4E8CD9}"
EndProject
Project("{8BC9CEB8-8B4A-11D0-8D11-00A0C91BC942}") = "12_FormView", "12_FormView\12_FormView.vcxproj", "{5CE8CF9C-78AD-454D-B717-FEB3E961058D}"
EndProject
Project("{8BC9CEB8-8B4A-11D0-8D11-00A0C91BC942}") = "13_database", "13_database\13_database.vcxproj", "{0B89268D-2A05-4977-957B-F1F366CE7387}"
EndProject
Project("{8BC9CEB8-8B4A-11D0-8D11-00A0C91BC942}") = "MedicAdmin", "MedicAdmin\MedicAdmin.vcxproj", "{BDD94D3F-0B88-4389-B9D6-4E12F64D886B}"
EndProject
Project("{8BC9CEB8-8B4A-11D0-8D11-00A0C91BC942}") = "MFCSendEmail", "MFCSendEmail\MFCSendEmail.vcxproj", "{582D6090-18AB-42CC-B2BA-C5C01991A349}"
EndProject
Global
	GlobalSection(SolutionConfigurationPlatforms) = preSolution
		Debug|x64 = Debug|x64
		Debug|x86 = Debug|x86
		Release|x64 = Release|x64
		Release|x86 = Release|x86
	EndGlobalSection
	GlobalSection(ProjectConfigurationPlatforms) = postSolution
		{CDE8C863-21FB-4A15-999D-5482750F729F}.Debug|x64.ActiveCfg = Debug|x64
		{CDE8C863-21FB-4A15-999D-5482750F729F}.Debug|x64.Build.0 = Debug|x64
		{CDE8C863-21FB-4A15-999D-5482750F729F}.Debug|x86.ActiveCfg = Debug|Win32
		{CDE8C863-21FB-4A15-999D-5482750F729F}.Debug|x86.Build.0 = Debug|Win32
		{CDE8C863-21FB-4A15-999D-5482750F729F}.Release|x64.ActiveCfg = Release|x64
		{CDE8C863-21FB-4A15-999D-5482750F729F}.Release|x64.Build.0 = Release|x64
		{CDE8C863-21FB-4A15-999D-5482750F729F}.Release|x86.ActiveCfg = Release|Win32
		{CDE8C863-21FB-4A15-999D-5482750F729F}.Release|x86.Build.0 = Release|Win32
		{F8C77EDE-2321-47D8-9A45-F3C522CDD930}.Debug|x64.ActiveCfg = Debug|x64
		{F8C77EDE-2321-47D8-9A45-F3C522CDD930}.Debug|x64.Build.0 = Debug|x64
		{F8C77EDE-2321-47D8-9A45-F3C522CDD930}.Debug|x86.ActiveCfg = Debug|Win32
		{F8C77EDE-2321-47D8-9A45-F3C522CDD930}.Debug|x86.Build.0 = Debug|Win32
		{F8C77EDE-2321-47D8-9A45-F3C522CDD930}.Release|x64.ActiveCfg = Release|x64
		{F8C77EDE-2321-47D8-9A45-F3C522CDD930}.Release|x64.Build.0 = Release|x64
		{F8C77EDE-2321-47D8-9A45-F3C522CDD930}.Release|x86.ActiveCfg = Release|Win32
		{F8C77EDE-2321-47D8-9A45-F3C522CDD930}.Release|x86.Build.0 = Release|Win32
		{1A89AABC-9828-4605-9813-85DEA0C30B44}.Debug|x64.ActiveCfg = Debug|x64
		{1A89AABC-9828-4605-9813-85DEA0C30B44}.Debug|x64.Build.0 = Debug|x64
		{1A89AABC-9828-4605-9813-85DEA0C30B44}.Debug|x86.ActiveCfg = Debug|Win32
		{1A89AABC-9828-4605-9813-85DEA0C30B44}.Debug|x86.Build.0 = Debug|Win32
		{1A89AABC-9828-4605-9813-85DEA0C30B44}.Release|x64.ActiveCfg = Release|x64
		{1A89AABC-9828-4605-9813-85DEA0C30B44}.Release|x64.Build.0 = Release|x64
		{1A89AABC-9828-4605-9813-85DEA0C30B44}.Release|x86.ActiveCfg = Release|Win32
		{1A89AABC-9828-4605-9813-85DEA0C30B44}.Release|x86.Build.0 = Release|Win32
		{C76086DD-A31F-4A16-B594-F701B1233E02}.Debug|x64.ActiveCfg = Debug|x64
		{C76086DD-A31F-4A16-B594-F701B1233E02}.Debug|x64.Build.0 = Debug|x64
		{C76086DD-A31F-4A16-B594-F701B1233E02}.Debug|x86.ActiveCfg = Debug|Win32
		{C76086DD-A31F-4A16-B594-F701B1233E02}.Debug|x86.Build.0 = Debug|Win32
		{C76086DD-A31F-4A16-B594-F701B1233E02}.Release|x64.ActiveCfg = Release|x64
		{C76086DD-A31F-4A16-B594-F701B1233E02}.Release|x64.Build.0 = Release|x64
		{C76086DD-A31F-4A16-B594-F701B1233E02}.Release|x86.ActiveCfg = Release|Win32
		{C76086DD-A31F-4A16-B594-F701B1233E02}.Release|x86.Build.0 = Release|Win32
		{9FC2CE2F-4141-4F00-AA06-B3904789F655}.Debug|x64.ActiveCfg = Debug|x64
		{9FC2CE2F-4141-4F00-AA06-B3904789F655}.Debug|x64.Build.0 = Debug|x64
		{9FC2CE2F-4141-4F00-AA06-B3904789F655}.Debug|x86.ActiveCfg = Debug|Win32
		{9FC2CE2F-4141-4F00-AA06-B3904789F655}.Debug|x86.Build.0 = Debug|Win32
		{9FC2CE2F-4141-4F00-AA06-B3904789F655}.Release|x64.ActiveCfg = Release|x64
		{9FC2CE2F-4141-4F00-AA06-B3904789F655}.Release|x64.Build.0 = Release|x64
		{9FC2CE2F-4141-4F00-AA06-B3904789F655}.Release|x86.ActiveCfg = Release|Win32
		{9FC2CE2F-4141-4F00-AA06-B3904789F655}.Release|x86.Build.0 = Release|Win32
		{C0233A00-915C-4612-AADB-FA83648BEE1B}.Debug|x64.ActiveCfg = Debug|x64
		{C0233A00-915C-4612-AADB-FA83648BEE1B}.Debug|x64.Build.0 = Debug|x64
		{C0233A00-915C-4612-AADB-FA83648BEE1B}.Debug|x86.ActiveCfg = Debug|Win32
		{C0233A00-915C-4612-AADB-FA83648BEE1B}.Debug|x86.Build.0 = Debug|Win32
		{C0233A00-915C-4612-AADB-FA83648BEE1B}.Release|x64.ActiveCfg = Release|x64
		{C0233A00-915C-4612-AADB-FA83648BEE1B}.Release|x64.Build.0 = Release|x64
		{C0233A00-915C-4612-AADB-FA83648BEE1B}.Release|x86.ActiveCfg = Release|Win32
		{C0233A00-915C-4612-AADB-FA83648BEE1B}.Release|x86.Build.0 = Release|Win32
		{C6FD52A9-4F7A-4E64-A0AE-EF372CB96324}.Debug|x64.ActiveCfg = Debug|x64
		{C6FD52A9-4F7A-4E64-A0AE-EF372CB96324}.Debug|x64.Build.0 = Debug|x64
		{C6FD52A9-4F7A-4E64-A0AE-EF372CB96324}.Debug|x86.ActiveCfg = Debug|Win32
		{C6FD52A9-4F7A-4E64-A0AE-EF372CB96324}.Debug|x86.Build.0 = Debug|Win32
		{C6FD52A9-4F7A-4E64-A0AE-EF372CB96324}.Release|x64.ActiveCfg = Release|x64
		{C6FD52A9-4F7A-4E64-A0AE-EF372CB96324}.Release|x64.Build.0 = Release|x64
		{C6FD52A9-4F7A-4E64-A0AE-EF372CB96324}.Release|x86.ActiveCfg = Release|Win32
		{C6FD52A9-4F7A-4E64-A0AE-EF372CB96324}.Release|x86.Build.0 = Release|Win32
		{E916CE72-BEF1-414F-816B-F6B0FE4E8CD9}.Debug|x64.ActiveCfg = Debug|x64
		{E916CE72-BEF1-414F-816B-F6B0FE4E8CD9}.Debug|x64.Build.0 = Debug|x64
		{E916CE72-BEF1-414F-816B-F6B0FE4E8CD9}.Debug|x86.ActiveCfg = Debug|Win32
		{E916CE72-BEF1-414F-816B-F6B0FE4E8CD9}.Debug|x86.Build.0 = Debug|Win32
		{E916CE72-BEF1-414F-816B-F6B0FE4E8CD9}.Release|x64.ActiveCfg = Release|x64
		{E916CE72-BEF1-414F-816B-F6B0FE4E8CD9}.Release|x64.Build.0 = Release|x64
		{E916CE72-BEF1-414F-816B-F6B0FE4E8CD9}.Release|x86.ActiveCfg = Release|Win32
		{E916CE72-BEF1-414F-816B-F6B0FE4E8CD9}.Release|x86.Build.0 = Release|Win32
		{5CE8CF9C-78AD-454D-B717-FEB3E961058D}.Debug|x64.ActiveCfg = Debug|x64
		{5CE8CF9C-78AD-454D-B717-FEB3E961058D}.Debug|x64.Build.0 = Debug|x64
		{5CE8CF9C-78AD-454D-B717-FEB3E961058D}.Debug|x86.ActiveCfg = Debug|Win32
		{5CE8CF9C-78AD-454D-B717-FEB3E961058D}.Debug|x86.Build.0 = Debug|Win32
		{5CE8CF9C-78AD-454D-B717-FEB3E961058D}.Release|x64.ActiveCfg = Release|x64
		{5CE8CF9C-78AD-454D-B717-FEB3E961058D}.Release|x64.Build.0 = Release|x64
		{5CE8CF9C-78AD-454D-B717-FEB3E961058D}.Release|x86.ActiveCfg = Release|Win32
		{5CE8CF9C-78AD-454D-B717-FEB3E961058D}.Release|x86.Build.0 = Release|Win32
		{0B89268D-2A05-4977-957B-F1F366CE7387}.Debug|x64.ActiveCfg = Debug|x64
		{0B89268D-2A05-4977-957B-F1F366CE7387}.Debug|x64.Build.0 = Debug|x64
		{0B89268D-2A05-4977-957B-F1F366CE7387}.Debug|x86.ActiveCfg = Debug|Win32
		{0B89268D-2A05-4977-957B-F1F366CE7387}.Debug|x86.Build.0 = Debug|Win32
		{0B89268D-2A05-4977-957B-F1F366CE7387}.Release|x64.ActiveCfg = Release|x64
		{0B89268D-2A05-4977-957B-F1F366CE7387}.Release|x64.Build.0 = Release|x64
		{0B89268D-2A05-4977-957B-F1F366CE7387}.Release|x86.ActiveCfg = Release|Win32
		{0B89268D-2A05-4977-957B-F1F366CE7387}.Release|x86.Build.0 = Release|Win32
		{BDD94D3F-0B88-4389-B9D6-4E12F64D886B}.Debug|x64.ActiveCfg = Debug|x64
		{BDD94D3F-0B88-4389-B9D6-4E12F64D886B}.Debug|x64.Build.0 = Debug|x64
		{BDD94D3F-0B88-4389-B9D6-4E12F64D886B}.Debug|x86.ActiveCfg = Debug|Win32
		{BDD94D3F-0B88-4389-B9D6-4E12F64D886B}.Debug|x86.Build.0 = Debug|Win32
		{BDD94D3F-0B88-4389-B9D6-4E12F64D886B}.Release|x64.ActiveCfg = Release|x64
		{BDD94D3F-0B88-4389-B9D6-4E12F64D886B}.Release|x64.Build.0 = Release|x64
		{BDD94D3F-0B88-4389-B9D6-4E12F64D886B}.Release|x86.ActiveCfg = Release|Win32
		{BDD94D3F-0B88-4389-B9D6-4E12F64D886B}.Release|x86.Build.0 = Release|Win32
		{582D6090-18AB-42CC-B2BA-C5C01991A349}.Debug|x64.ActiveCfg = Debug|x64
		{582D6090-18AB-42CC-B2BA-C5C01991A349}.Debug|x64.Build.0 = Debug|x64
		{582D6090-18AB-42CC-B2BA-C5C01991A349}.Debug|x86.ActiveCfg = Debug|Win32
		{582D6090-18AB-42CC-B2BA-C5C01991A349}.Debug|x86.Build.0 = Debug|Win32
		{582D6090-18AB-42CC-B2BA-C5C01991A349}.Release|x64.ActiveCfg = Release|x64
		{582D6090-18AB-42CC-B2BA-C5C01991A349}.Release|x64.Build.0 = Release|x64
		{582D6090-18AB-42CC-B2BA-C5C01991A349}.Release|x86.ActiveCfg = Release|Win32
		{582D6090-18AB-42CC-B2BA-C5C01991A349}.Release|x86.Build.0 = Release|Win32
	EndGlobalSection
	GlobalSection(SolutionProperties) = preSolution
		HideSolutionNode = FALSE
	EndGlobalSection
EndGlobal
